
Microsoft Visual Studio Solution File, Format Version 12.00
# Visual Studio 15
VisualStudioVersion = 15.0.26430.14
MinimumVisualStudioVersion = 10.0.40219.1
Project("{9A19103F-16F7-4668-BE54-9A1E7A4F7556}") = "Library", "Library\Library.csproj", "{7D3C32CA-7B83-42D3-8415-B8C48BFDF399}"
EndProject
Project("{9A19103F-16F7-4668-BE54-9A1E7A4F7556}") = "LibraryData", "LibraryData\LibraryData.csproj", "{61BB625A-D842-4E35-9297-DBA886D6D38E}"
EndProject
Project("{FAE04EC0-301F-11D3-BF4B-00C04F79EFBC}") = "LibraryServices", "LibraryServices\LibraryServices.csproj", "{BFE6978A-47E1-4E2C-BE07-165ED5BA4034}"
EndProject
Global
	GlobalSection(SolutionConfigurationPlatforms) = preSolution
		Debug|Any CPU = Debug|Any CPU
		Release|Any CPU = Release|Any CPU
	EndGlobalSection
	GlobalSection(ProjectConfigurationPlatforms) = postSolution
		{7D3C32CA-7B83-42D3-8415-B8C48BFDF399}.Debug|Any CPU.ActiveCfg = Debug|Any CPU
		{7D3C32CA-7B83-42D3-8415-B8C48BFDF399}.Debug|Any CPU.Build.0 = Debug|Any CPU
		{7D3C32CA-7B83-42D3-8415-B8C48BFDF399}.Release|Any CPU.ActiveCfg = Release|Any CPU
		{7D3C32CA-7B83-42D3-8415-B8C48BFDF399}.Release|Any CPU.Build.0 = Release|Any CPU
		{61BB625A-D842-4E35-9297-DBA886D6D38E}.Debug|Any CPU.ActiveCfg = Debug|Any CPU
		{61BB625A-D842-4E35-9297-DBA886D6D38E}.Debug|Any CPU.Build.0 = Debug|Any CPU
		{61BB625A-D842-4E35-9297-DBA886D6D38E}.Release|Any CPU.ActiveCfg = Release|Any CPU
		{61BB625A-D842-4E35-9297-DBA886D6D38E}.Release|Any CPU.Build.0 = Release|Any CPU
		{BFE6978A-47E1-4E2C-BE07-165ED5BA4034}.Debug|Any CPU.ActiveCfg = Debug|Any CPU
		{BFE6978A-47E1-4E2C-BE07-165ED5BA4034}.Debug|Any CPU.Build.0 = Debug|Any CPU
		{BFE6978A-47E1-4E2C-BE07-165ED5BA4034}.Release|Any CPU.ActiveCfg = Release|Any CPU
		{BFE6978A-47E1-4E2C-BE07-165ED5BA4034}.Release|Any CPU.Build.0 = Release|Any CPU
	EndGlobalSection
	GlobalSection(SolutionProperties) = preSolution
		HideSolutionNode = FALSE
	EndGlobalSection
EndGlobal
